
Microsoft Visual Studio Solution File, Format Version 12.00
# Visual Studio Version 16
VisualStudioVersion = 16.0.28621.142
MinimumVisualStudioVersion = 10.0.40219.1
Project("{FAE04EC0-301F-11D3-BF4B-00C04F79EFBC}") = "Administrator", "Administrator\Administrator.csproj", "{2CBA7564-D6F9-4299-B4C2-C3702E58F5A0}"
EndProject
Global
	GlobalSection(SolutionConfigurationPlatforms) = preSolution
		Debug|Any CPU = Debug|Any CPU
		Release|Any CPU = Release|Any CPU
	EndGlobalSection
	GlobalSection(ProjectConfigurationPlatforms) = postSolution
		{2CBA7564-D6F9-4299-B4C2-C3702E58F5A0}.Debug|Any CPU.ActiveCfg = Debug|Any CPU
		{2CBA7564-D6F9-4299-B4C2-C3702E58F5A0}.Debug|Any CPU.Build.0 = Debug|Any CPU
		{2CBA7564-D6F9-4299-B4C2-C3702E58F5A0}.Release|Any CPU.ActiveCfg = Release|Any CPU
		{2CBA7564-D6F9-4299-B4C2-C3702E58F5A0}.Release|Any CPU.Build.0 = Release|Any CPU
	EndGlobalSection
	GlobalSection(SolutionProperties) = preSolution
		HideSolutionNode = FALSE
	EndGlobalSection
	GlobalSection(ExtensibilityGlobals) = postSolution
		SolutionGuid = {2CEF1D22-3D5D-4CC5-8A27-98D58EC0F4AE}
	EndGlobalSection
EndGlobal
